
Microsoft Visual Studio Solution File, Format Version 12.00
# Visual Studio Version 17
VisualStudioVersion = 17.7.34031.279
MinimumVisualStudioVersion = 10.0.40219.1
Project("{9A19103F-16F7-4668-BE54-9A1E7A4F7556}") = "TriangleCalculator", "TriangleCalculator\TriangleCalculator.csproj", "{EEB55160-E8BB-4DB7-A945-4E533C182C3D}"
EndProject
Project("{9A19103F-16F7-4668-BE54-9A1E7A4F7556}") = "Tests", "Tests\Tests.csproj", "{A24606D1-2C10-424F-A6AE-3FF5A37B8B42}"
EndProject
Global
	GlobalSection(SolutionConfigurationPlatforms) = preSolution
		Debug|Any CPU = Debug|Any CPU
		Release|Any CPU = Release|Any CPU
	EndGlobalSection
	GlobalSection(ProjectConfigurationPlatforms) = postSolution
		{EEB55160-E8BB-4DB7-A945-4E533C182C3D}.Debug|Any CPU.ActiveCfg = Debug|Any CPU
		{EEB55160-E8BB-4DB7-A945-4E533C182C3D}.Debug|Any CPU.Build.0 = Debug|Any CPU
		{EEB55160-E8BB-4DB7-A945-4E533C182C3D}.Release|Any CPU.ActiveCfg = Release|Any CPU
		{EEB55160-E8BB-4DB7-A945-4E533C182C3D}.Release|Any CPU.Build.0 = Release|Any CPU
		{A24606D1-2C10-424F-A6AE-3FF5A37B8B42}.Debug|Any CPU.ActiveCfg = Debug|Any CPU
		{A24606D1-2C10-424F-A6AE-3FF5A37B8B42}.Debug|Any CPU.Build.0 = Debug|Any CPU
		{A24606D1-2C10-424F-A6AE-3FF5A37B8B42}.Release|Any CPU.ActiveCfg = Release|Any CPU
		{A24606D1-2C10-424F-A6AE-3FF5A37B8B42}.Release|Any CPU.Build.0 = Release|Any CPU
	EndGlobalSection
	GlobalSection(SolutionProperties) = preSolution
		HideSolutionNode = FALSE
	EndGlobalSection
	GlobalSection(ExtensibilityGlobals) = postSolution
		SolutionGuid = {A001DB73-5B52-4CA0-AC48-9EFD24BF5ECE}
	EndGlobalSection
EndGlobal
